
Microsoft Visual Studio Solution File, Format Version 12.00
Project("{FAE04EC0-301F-11D3-BF4B-00C04F79EFBC}") = "GraphQLBlazorClient", "GraphQLBlazorClient\GraphQLBlazorClient.csproj", "{610AAD7A-1DB8-4430-86F8-4752D79073C2}"
EndProject
Global
	GlobalSection(SolutionConfigurationPlatforms) = preSolution
		Debug|Any CPU = Debug|Any CPU
		Release|Any CPU = Release|Any CPU
	EndGlobalSection
	GlobalSection(ProjectConfigurationPlatforms) = postSolution
		{610AAD7A-1DB8-4430-86F8-4752D79073C2}.Debug|Any CPU.ActiveCfg = Debug|Any CPU
		{610AAD7A-1DB8-4430-86F8-4752D79073C2}.Debug|Any CPU.Build.0 = Debug|Any CPU
		{610AAD7A-1DB8-4430-86F8-4752D79073C2}.Release|Any CPU.ActiveCfg = Release|Any CPU
		{610AAD7A-1DB8-4430-86F8-4752D79073C2}.Release|Any CPU.Build.0 = Release|Any CPU
	EndGlobalSection
EndGlobal
